
Microsoft Visual Studio Solution File, Format Version 12.00
# Visual Studio Version 16
VisualStudioVersion = 16.0.30907.101
MinimumVisualStudioVersion = 10.0.40219.1
Project("{FAE04EC0-301F-11D3-BF4B-00C04F79EFBC}") = "FinamParser", "FinamParser.csproj", "{4378149F-501A-4C7C-8825-99ED14FC4976}"
EndProject
Project("{FAE04EC0-301F-11D3-BF4B-00C04F79EFBC}") = "FinamParserTest", "FinamParserTest\FinamParserTest.csproj", "{BD248EAE-FE74-429A-8E8C-D068AE9C4D06}"
EndProject
Global
	GlobalSection(SolutionConfigurationPlatforms) = preSolution
		Debug|Any CPU = Debug|Any CPU
		Release|Any CPU = Release|Any CPU
	EndGlobalSection
	GlobalSection(ProjectConfigurationPlatforms) = postSolution
		{4378149F-501A-4C7C-8825-99ED14FC4976}.Debug|Any CPU.ActiveCfg = Debug|Any CPU
		{4378149F-501A-4C7C-8825-99ED14FC4976}.Debug|Any CPU.Build.0 = Debug|Any CPU
		{4378149F-501A-4C7C-8825-99ED14FC4976}.Release|Any CPU.ActiveCfg = Release|Any CPU
		{4378149F-501A-4C7C-8825-99ED14FC4976}.Release|Any CPU.Build.0 = Release|Any CPU
		{BD248EAE-FE74-429A-8E8C-D068AE9C4D06}.Debug|Any CPU.ActiveCfg = Debug|Any CPU
		{BD248EAE-FE74-429A-8E8C-D068AE9C4D06}.Debug|Any CPU.Build.0 = Debug|Any CPU
		{BD248EAE-FE74-429A-8E8C-D068AE9C4D06}.Release|Any CPU.ActiveCfg = Release|Any CPU
		{BD248EAE-FE74-429A-8E8C-D068AE9C4D06}.Release|Any CPU.Build.0 = Release|Any CPU
	EndGlobalSection
	GlobalSection(SolutionProperties) = preSolution
		HideSolutionNode = FALSE
	EndGlobalSection
	GlobalSection(ExtensibilityGlobals) = postSolution
		SolutionGuid = {36F1A8D0-248E-45D3-AC75-958FE7FCDDAA}
	EndGlobalSection
EndGlobal
